
Microsoft Visual Studio Solution File, Format Version 12.00
# Visual Studio 15
VisualStudioVersion = 15.0.27004.2005
MinimumVisualStudioVersion = 10.0.40219.1
Project("{2150E333-8FDC-42A3-9474-1A3956D46DE8}") = "Paitent", "Paitent", "{F8700C57-C467-491A-A950-EFAB25577294}"
EndProject
Project("{2150E333-8FDC-42A3-9474-1A3956D46DE8}") = "ClassLibraries", "ClassLibraries", "{E5833A08-D2DC-473F-A9E5-043D0A916289}"
EndProject
Project("{2150E333-8FDC-42A3-9474-1A3956D46DE8}") = "Tests", "Tests", "{A3AA14B2-7F38-4F38-8A3C-B508C8037B0B}"
EndProject
Project("{2150E333-8FDC-42A3-9474-1A3956D46DE8}") = "WebApi", "WebApi", "{69836DE4-FF6C-4BFE-B297-D06CB7F8E68F}"
EndProject
Project("{2150E333-8FDC-42A3-9474-1A3956D46DE8}") = "Core", "Core", "{11F74A53-D46B-4BC7-8DFB-AD4DA55A3E81}"
EndProject
Project("{2150E333-8FDC-42A3-9474-1A3956D46DE8}") = "Modules", "Modules", "{D7ACCC7E-B172-48EC-A151-6CC61B4D70B2}"
EndProject
Project("{2150E333-8FDC-42A3-9474-1A3956D46DE8}") = "TestUtilities", "TestUtilities", "{8906FE19-C1EF-4CDE-9D37-E477F9C432FB}"
EndProject
Project("{2150E333-8FDC-42A3-9474-1A3956D46DE8}") = "Internal", "Internal", "{CCA3BABF-74D7-490B-8F8B-C1FFCA89BB8B}"
EndProject
Project("{2150E333-8FDC-42A3-9474-1A3956D46DE8}") = "Shared", "Shared", "{F12F2D46-1B21-470A-BE7E-138B12EE946C}"
EndProject
Project("{FAE04EC0-301F-11D3-BF4B-00C04F79EFBC}") = "Integral.Solutions.UMS.Patient.Service", "..\Patient\ClassLibraries\Integral.Solutions.UMS.Patient.Service\Integral.Solutions.UMS.Patient.Service.csproj", "{C6C783BB-48C8-42C6-B149-F7D58C2EC29A}"
EndProject
Project("{FAE04EC0-301F-11D3-BF4B-00C04F79EFBC}") = "Integral.Solutions.UMS.Patient.Business", "..\Patient\ClassLibraries\Integral.Solutions.UMS.Patient.Business\Integral.Solutions.UMS.Patient.Business.csproj", "{02A31334-B2A0-4F64-A323-6BD4BE6BD355}"
EndProject
Project("{FAE04EC0-301F-11D3-BF4B-00C04F79EFBC}") = "Integral.Solutions.UMS.Patient", "..\Patient\ClassLibraries\Integral.Solutions.UMS.Patient\Integral.Solutions.UMS.Patient.csproj", "{1E7EF2BB-C099-44EB-B355-571D5107955F}"
EndProject
Project("{FAE04EC0-301F-11D3-BF4B-00C04F79EFBC}") = "Integral.Solutions.UMS.Patient.Service.Moblie", "..\Patient\ClassLibraries\Integral.Solutions.UMS.Patient.Service.Moblie\Integral.Solutions.UMS.Patient.Service.Moblie.csproj", "{1CFA7718-B8D2-4F46-BC00-7F28821F9DE7}"
EndProject
Project("{2150E333-8FDC-42A3-9474-1A3956D46DE8}") = "Employee", "Employee", "{A89AC3B2-F9C1-4659-B815-35BE2C48434F}"
EndProject
Project("{2150E333-8FDC-42A3-9474-1A3956D46DE8}") = "ClassLibraries", "ClassLibraries", "{A74BAE8D-4B5A-4188-B724-340946D8528F}"
EndProject
Project("{2150E333-8FDC-42A3-9474-1A3956D46DE8}") = "Internal", "Internal", "{40156AE4-70BF-4470-A8DA-1EA8AEC6EE26}"
EndProject
Project("{2150E333-8FDC-42A3-9474-1A3956D46DE8}") = "Shared", "Shared", "{5850F55F-7C6D-4BFB-857C-D5D0259CFF90}"
EndProject
Project("{2150E333-8FDC-42A3-9474-1A3956D46DE8}") = "Tests", "Tests", "{B5A414B3-55CA-41C0-8518-921B916FC6B7}"
EndProject
Project("{2150E333-8FDC-42A3-9474-1A3956D46DE8}") = "WebApi", "WebApi", "{F8FC16C0-46D6-49C2-8B44-48C08091ACA7}"
EndProject
Project("{FAE04EC0-301F-11D3-BF4B-00C04F79EFBC}") = "Integral.Solutions.UMS.Employee.Business", "..\Employee\ClassLibraries\Integral.Solutions.UMS.Employee.Business\Integral.Solutions.UMS.Employee.Business.csproj", "{311D8328-6BCB-4C8D-81DD-99D5681CC147}"
EndProject
Project("{FAE04EC0-301F-11D3-BF4B-00C04F79EFBC}") = "Integral.Solutions.UMS.Employee.Service", "..\Employee\ClassLibraries\Integral.Solutions.UMS.Employee.Service\Integral.Solutions.UMS.Employee.Service.csproj", "{8236852D-8E4C-4900-8F51-9E291AC45132}"
EndProject
Project("{FAE04EC0-301F-11D3-BF4B-00C04F79EFBC}") = "Integral.Solutions.UMS.Employee", "..\Employee\ClassLibraries\Integral.Solutions.UMS.Employee\Integral.Solutions.UMS.Employee.csproj", "{FFD29D08-5BA8-49ED-BE08-2BD97AC2C9D0}"
EndProject
Project("{FAE04EC0-301F-11D3-BF4B-00C04F79EFBC}") = "Integral.Solutions.UMS.Employee.Service.Moblie", "..\Employee\ClassLibraries\Integral.Solutions.UMS.Employee.Service.Moblie\Integral.Solutions.UMS.Employee.Service.Moblie.csproj", "{27DA480A-708A-4EFE-B7A7-438AB049F2D9}"
EndProject
Global
	GlobalSection(SolutionConfigurationPlatforms) = preSolution
		Debug|Any CPU = Debug|Any CPU
		Release|Any CPU = Release|Any CPU
	EndGlobalSection
	GlobalSection(ProjectConfigurationPlatforms) = postSolution
		{C6C783BB-48C8-42C6-B149-F7D58C2EC29A}.Debug|Any CPU.ActiveCfg = Debug|Any CPU
		{C6C783BB-48C8-42C6-B149-F7D58C2EC29A}.Debug|Any CPU.Build.0 = Debug|Any CPU
		{C6C783BB-48C8-42C6-B149-F7D58C2EC29A}.Release|Any CPU.ActiveCfg = Release|Any CPU
		{C6C783BB-48C8-42C6-B149-F7D58C2EC29A}.Release|Any CPU.Build.0 = Release|Any CPU
		{02A31334-B2A0-4F64-A323-6BD4BE6BD355}.Debug|Any CPU.ActiveCfg = Debug|Any CPU
		{02A31334-B2A0-4F64-A323-6BD4BE6BD355}.Debug|Any CPU.Build.0 = Debug|Any CPU
		{02A31334-B2A0-4F64-A323-6BD4BE6BD355}.Release|Any CPU.ActiveCfg = Release|Any CPU
		{02A31334-B2A0-4F64-A323-6BD4BE6BD355}.Release|Any CPU.Build.0 = Release|Any CPU
		{1E7EF2BB-C099-44EB-B355-571D5107955F}.Debug|Any CPU.ActiveCfg = Debug|Any CPU
		{1E7EF2BB-C099-44EB-B355-571D5107955F}.Debug|Any CPU.Build.0 = Debug|Any CPU
		{1E7EF2BB-C099-44EB-B355-571D5107955F}.Release|Any CPU.ActiveCfg = Release|Any CPU
		{1E7EF2BB-C099-44EB-B355-571D5107955F}.Release|Any CPU.Build.0 = Release|Any CPU
		{1CFA7718-B8D2-4F46-BC00-7F28821F9DE7}.Debug|Any CPU.ActiveCfg = Debug|Any CPU
		{1CFA7718-B8D2-4F46-BC00-7F28821F9DE7}.Debug|Any CPU.Build.0 = Debug|Any CPU
		{1CFA7718-B8D2-4F46-BC00-7F28821F9DE7}.Release|Any CPU.ActiveCfg = Release|Any CPU
		{1CFA7718-B8D2-4F46-BC00-7F28821F9DE7}.Release|Any CPU.Build.0 = Release|Any CPU
		{311D8328-6BCB-4C8D-81DD-99D5681CC147}.Debug|Any CPU.ActiveCfg = Debug|Any CPU
		{311D8328-6BCB-4C8D-81DD-99D5681CC147}.Debug|Any CPU.Build.0 = Debug|Any CPU
		{311D8328-6BCB-4C8D-81DD-99D5681CC147}.Release|Any CPU.ActiveCfg = Release|Any CPU
		{311D8328-6BCB-4C8D-81DD-99D5681CC147}.Release|Any CPU.Build.0 = Release|Any CPU
		{8236852D-8E4C-4900-8F51-9E291AC45132}.Debug|Any CPU.ActiveCfg = Debug|Any CPU
		{8236852D-8E4C-4900-8F51-9E291AC45132}.Debug|Any CPU.Build.0 = Debug|Any CPU
		{8236852D-8E4C-4900-8F51-9E291AC45132}.Release|Any CPU.ActiveCfg = Release|Any CPU
		{8236852D-8E4C-4900-8F51-9E291AC45132}.Release|Any CPU.Build.0 = Release|Any CPU
		{FFD29D08-5BA8-49ED-BE08-2BD97AC2C9D0}.Debug|Any CPU.ActiveCfg = Debug|Any CPU
		{FFD29D08-5BA8-49ED-BE08-2BD97AC2C9D0}.Debug|Any CPU.Build.0 = Debug|Any CPU
		{FFD29D08-5BA8-49ED-BE08-2BD97AC2C9D0}.Release|Any CPU.ActiveCfg = Release|Any CPU
		{FFD29D08-5BA8-49ED-BE08-2BD97AC2C9D0}.Release|Any CPU.Build.0 = Release|Any CPU
		{27DA480A-708A-4EFE-B7A7-438AB049F2D9}.Debug|Any CPU.ActiveCfg = Debug|Any CPU
		{27DA480A-708A-4EFE-B7A7-438AB049F2D9}.Debug|Any CPU.Build.0 = Debug|Any CPU
		{27DA480A-708A-4EFE-B7A7-438AB049F2D9}.Release|Any CPU.ActiveCfg = Release|Any CPU
		{27DA480A-708A-4EFE-B7A7-438AB049F2D9}.Release|Any CPU.Build.0 = Release|Any CPU
	EndGlobalSection
	GlobalSection(SolutionProperties) = preSolution
		HideSolutionNode = FALSE
	EndGlobalSection
	GlobalSection(NestedProjects) = preSolution
		{F8700C57-C467-491A-A950-EFAB25577294} = {D7ACCC7E-B172-48EC-A151-6CC61B4D70B2}
		{E5833A08-D2DC-473F-A9E5-043D0A916289} = {F8700C57-C467-491A-A950-EFAB25577294}
		{A3AA14B2-7F38-4F38-8A3C-B508C8037B0B} = {F8700C57-C467-491A-A950-EFAB25577294}
		{69836DE4-FF6C-4BFE-B297-D06CB7F8E68F} = {F8700C57-C467-491A-A950-EFAB25577294}
		{CCA3BABF-74D7-490B-8F8B-C1FFCA89BB8B} = {E5833A08-D2DC-473F-A9E5-043D0A916289}
		{F12F2D46-1B21-470A-BE7E-138B12EE946C} = {E5833A08-D2DC-473F-A9E5-043D0A916289}
		{C6C783BB-48C8-42C6-B149-F7D58C2EC29A} = {CCA3BABF-74D7-490B-8F8B-C1FFCA89BB8B}
		{02A31334-B2A0-4F64-A323-6BD4BE6BD355} = {CCA3BABF-74D7-490B-8F8B-C1FFCA89BB8B}
		{1E7EF2BB-C099-44EB-B355-571D5107955F} = {F12F2D46-1B21-470A-BE7E-138B12EE946C}
		{1CFA7718-B8D2-4F46-BC00-7F28821F9DE7} = {F12F2D46-1B21-470A-BE7E-138B12EE946C}
		{A89AC3B2-F9C1-4659-B815-35BE2C48434F} = {D7ACCC7E-B172-48EC-A151-6CC61B4D70B2}
		{A74BAE8D-4B5A-4188-B724-340946D8528F} = {A89AC3B2-F9C1-4659-B815-35BE2C48434F}
		{40156AE4-70BF-4470-A8DA-1EA8AEC6EE26} = {A74BAE8D-4B5A-4188-B724-340946D8528F}
		{5850F55F-7C6D-4BFB-857C-D5D0259CFF90} = {A74BAE8D-4B5A-4188-B724-340946D8528F}
		{B5A414B3-55CA-41C0-8518-921B916FC6B7} = {A89AC3B2-F9C1-4659-B815-35BE2C48434F}
		{F8FC16C0-46D6-49C2-8B44-48C08091ACA7} = {A89AC3B2-F9C1-4659-B815-35BE2C48434F}
		{311D8328-6BCB-4C8D-81DD-99D5681CC147} = {40156AE4-70BF-4470-A8DA-1EA8AEC6EE26}
		{8236852D-8E4C-4900-8F51-9E291AC45132} = {40156AE4-70BF-4470-A8DA-1EA8AEC6EE26}
		{FFD29D08-5BA8-49ED-BE08-2BD97AC2C9D0} = {5850F55F-7C6D-4BFB-857C-D5D0259CFF90}
		{27DA480A-708A-4EFE-B7A7-438AB049F2D9} = {5850F55F-7C6D-4BFB-857C-D5D0259CFF90}
	EndGlobalSection
	GlobalSection(ExtensibilityGlobals) = postSolution
		SolutionGuid = {7002A082-B23A-4CE6-A8EE-9E551B6C456B}
	EndGlobalSection
EndGlobal
